
Microsoft Visual Studio Solution File, Format Version 12.00
# Visual Studio Version 16
VisualStudioVersion = 16.0.31410.357
MinimumVisualStudioVersion = 10.0.40219.1
Project("{FAE04EC0-301F-11D3-BF4B-00C04F79EFBC}") = "Stores", "Stores\Stores.csproj", "{8F030A10-3E22-4A20-A4A0-4BA81A586D0B}"
EndProject
Global
	GlobalSection(SolutionConfigurationPlatforms) = preSolution
		Debug|Any CPU = Debug|Any CPU
		Release|Any CPU = Release|Any CPU
	EndGlobalSection
	GlobalSection(ProjectConfigurationPlatforms) = postSolution
		{8F030A10-3E22-4A20-A4A0-4BA81A586D0B}.Debug|Any CPU.ActiveCfg = Debug|Any CPU
		{8F030A10-3E22-4A20-A4A0-4BA81A586D0B}.Debug|Any CPU.Build.0 = Debug|Any CPU
		{8F030A10-3E22-4A20-A4A0-4BA81A586D0B}.Release|Any CPU.ActiveCfg = Release|Any CPU
		{8F030A10-3E22-4A20-A4A0-4BA81A586D0B}.Release|Any CPU.Build.0 = Release|Any CPU
	EndGlobalSection
	GlobalSection(SolutionProperties) = preSolution
		HideSolutionNode = FALSE
	EndGlobalSection
	GlobalSection(ExtensibilityGlobals) = postSolution
		SolutionGuid = {EE06B825-6214-4B85-BFB8-D7DC7BE90689}
	EndGlobalSection
EndGlobal
